
Microsoft Visual Studio Solution File, Format Version 12.00
# Visual Studio Version 16
VisualStudioVersion = 16.0.30204.135
MinimumVisualStudioVersion = 10.0.40219.1
Project("{FAE04EC0-301F-11D3-BF4B-00C04F79EFBC}") = "DockerDemo1", "DockerDemo1.csproj", "{E76D6B62-385A-4D7B-8165-E8796E6D67AA}"
EndProject
Global
	GlobalSection(SolutionConfigurationPlatforms) = preSolution
		Debug|Any CPU = Debug|Any CPU
		Release|Any CPU = Release|Any CPU
	EndGlobalSection
	GlobalSection(ProjectConfigurationPlatforms) = postSolution
		{E76D6B62-385A-4D7B-8165-E8796E6D67AA}.Debug|Any CPU.ActiveCfg = Debug|Any CPU
		{E76D6B62-385A-4D7B-8165-E8796E6D67AA}.Debug|Any CPU.Build.0 = Debug|Any CPU
		{E76D6B62-385A-4D7B-8165-E8796E6D67AA}.Release|Any CPU.ActiveCfg = Release|Any CPU
		{E76D6B62-385A-4D7B-8165-E8796E6D67AA}.Release|Any CPU.Build.0 = Release|Any CPU
	EndGlobalSection
	GlobalSection(SolutionProperties) = preSolution
		HideSolutionNode = FALSE
	EndGlobalSection
	GlobalSection(ExtensibilityGlobals) = postSolution
		SolutionGuid = {67A6FAEA-DE9C-4FBE-A172-169B8329DFD1}
	EndGlobalSection
EndGlobal
